// !$*UTF8*$!
{
	archiveVersion = 1;
	classes = {
	};
	objectVersion = 56;
	objects = {

/* Begin PBXBuildFile section */
		B4171F222A82853800DB1F7D /* ibeaconScanViewController.swift in Sources */ = {isa = PBXBuildFile; fileRef = B4171F212A82853800DB1F7D /* ibeaconScanViewController.swift */; };
		B44A85722A30E85D00D63A18 /* AppDelegate.swift in Sources */ = {isa = PBXBuildFile; fileRef = B44A85712A30E85D00D63A18 /* AppDelegate.swift */; };
		B44A85742A30E85D00D63A18 /* SceneDelegate.swift in Sources */ = {isa = PBXBuildFile; fileRef = B44A85732A30E85D00D63A18 /* SceneDelegate.swift */; };
		B44A85762A30E85D00D63A18 /* ViewController.swift in Sources */ = {isa = PBXBuildFile; fileRef = B44A85752A30E85D00D63A18 /* ViewController.swift */; };
		B44A85792A30E85D00D63A18 /* Main.storyboard in Resources */ = {isa = PBXBuildFile; fileRef = B44A85772A30E85D00D63A18 /* Main.storyboard */; };
		B44A857B2A30E85E00D63A18 /* Assets.xcassets in Resources */ = {isa = PBXBuildFile; fileRef = B44A857A2A30E85E00D63A18 /* Assets.xcassets */; };
		B44A857E2A30E85E00D63A18 /* LaunchScreen.storyboard in Resources */ = {isa = PBXBuildFile; fileRef = B44A857C2A30E85E00D63A18 /* LaunchScreen.storyboard */; };
		B44A85892A30E85F00D63A18 /* Zig_InspectorTests.swift in Sources */ = {isa = PBXBuildFile; fileRef = B44A85882A30E85F00D63A18 /* Zig_InspectorTests.swift */; };
		B44A85932A30E85F00D63A18 /* Zig_InspectorUITests.swift in Sources */ = {isa = PBXBuildFile; fileRef = B44A85922A30E85F00D63A18 /* Zig_InspectorUITests.swift */; };
		B44A85952A30E85F00D63A18 /* Zig_InspectorUITestsLaunchTests.swift in Sources */ = {isa = PBXBuildFile; fileRef = B44A85942A30E85F00D63A18 /* Zig_InspectorUITestsLaunchTests.swift */; };
		B44A85A22A30F8AE00D63A18 /* VenueViewController.swift in Sources */ = {isa = PBXBuildFile; fileRef = B44A85A12A30F8AE00D63A18 /* VenueViewController.swift */; };
		B44A85A42A31F74A00D63A18 /* Getclientconfig.swift in Sources */ = {isa = PBXBuildFile; fileRef = B44A85A32A31F74A00D63A18 /* Getclientconfig.swift */; };
		B4BFFD062A3C699E00758547 /* Alamofire in Frameworks */ = {isa = PBXBuildFile; productRef = B4BFFD052A3C699E00758547 /* Alamofire */; };
		B4BFFD082A3C9F7300758547 /* venueTableViewCell.swift in Sources */ = {isa = PBXBuildFile; fileRef = B4BFFD072A3C9F7300758547 /* venueTableViewCell.swift */; };
		B4BFFD0B2A40CD3600758547 /* NVActivityIndicatorView in Frameworks */ = {isa = PBXBuildFile; productRef = B4BFFD0A2A40CD3600758547 /* NVActivityIndicatorView */; };
		B4BFFD0D2A40CD3600758547 /* NVActivityIndicatorViewExtended in Frameworks */ = {isa = PBXBuildFile; productRef = B4BFFD0C2A40CD3600758547 /* NVActivityIndicatorViewExtended */; };
		B4BFFD102A40CFF600758547 /* SDWebImage in Frameworks */ = {isa = PBXBuildFile; productRef = B4BFFD0F2A40CFF600758547 /* SDWebImage */; };
		B4BFFD122A40CFF600758547 /* SDWebImageMapKit in Frameworks */ = {isa = PBXBuildFile; productRef = B4BFFD112A40CFF600758547 /* SDWebImageMapKit */; };
		B4CB75AC2A719F7900FB237A /* mqttLogViewerController.swift in Sources */ = {isa = PBXBuildFile; fileRef = B4CB75AB2A719F7900FB237A /* mqttLogViewerController.swift */; };
		B4CB75AF2A719FEA00FB237A /* CocoaMQTT in Frameworks */ = {isa = PBXBuildFile; productRef = B4CB75AE2A719FEA00FB237A /* CocoaMQTT */; };
/* End PBXBuildFile section */

/* Begin PBXContainerItemProxy section */
		B44A85852A30E85F00D63A18 /* PBXContainerItemProxy */ = {
			isa = PBXContainerItemProxy;
			containerPortal = B44A85662A30E85D00D63A18 /* Project object */;
			proxyType = 1;
			remoteGlobalIDString = B44A856D2A30E85D00D63A18;
			remoteInfo = "Zig Inspector";
		};
		B44A858F2A30E85F00D63A18 /* PBXContainerItemProxy */ = {
			isa = PBXContainerItemProxy;
			containerPortal = B44A85662A30E85D00D63A18 /* Project object */;
			proxyType = 1;
			remoteGlobalIDString = B44A856D2A30E85D00D63A18;
			remoteInfo = "Zig Inspector";
		};
/* End PBXContainerItemProxy section */

/* Begin PBXFileReference section */
		B4171F212A82853800DB1F7D /* ibeaconScanViewController.swift */ = {isa = PBXFileReference; lastKnownFileType = sourcecode.swift; path = ibeaconScanViewController.swift; sourceTree = "<group>"; };
		B44A856E2A30E85D00D63A18 /* Zig Inspector.app */ = {isa = PBXFileReference; explicitFileType = wrapper.application; includeInIndex = 0; path = "Zig Inspector.app"; sourceTree = BUILT_PRODUCTS_DIR; };
		B44A85712A30E85D00D63A18 /* AppDelegate.swift */ = {isa = PBXFileReference; lastKnownFileType = sourcecode.swift; path = AppDelegate.swift; sourceTree = "<group>"; };
		B44A85732A30E85D00D63A18 /* SceneDelegate.swift */ = {isa = PBXFileReference; lastKnownFileType = sourcecode.swift; path = SceneDelegate.swift; sourceTree = "<group>"; };
		B44A85752A30E85D00D63A18 /* ViewController.swift */ = {isa = PBXFileReference; lastKnownFileType = sourcecode.swift; path = ViewController.swift; sourceTree = "<group>"; };
		B44A85782A30E85D00D63A18 /* Base */ = {isa = PBXFileReference; lastKnownFileType = file.storyboard; name = Base; path = Base.lproj/Main.storyboard; sourceTree = "<group>"; };
		B44A857A2A30E85E00D63A18 /* Assets.xcassets */ = {isa = PBXFileReference; lastKnownFileType = folder.assetcatalog; path = Assets.xcassets; sourceTree = "<group>"; };
		B44A857D2A30E85E00D63A18 /* Base */ = {isa = PBXFileReference; lastKnownFileType = file.storyboard; name = Base; path = Base.lproj/LaunchScreen.storyboard; sourceTree = "<group>"; };
		B44A857F2A30E85E00D63A18 /* Info.plist */ = {isa = PBXFileReference; lastKnownFileType = text.plist.xml; path = Info.plist; sourceTree = "<group>"; };
		B44A85842A30E85F00D63A18 /* Zig InspectorTests.xctest */ = {isa = PBXFileReference; explicitFileType = wrapper.cfbundle; includeInIndex = 0; path = "Zig InspectorTests.xctest"; sourceTree = BUILT_PRODUCTS_DIR; };
		B44A85882A30E85F00D63A18 /* Zig_InspectorTests.swift */ = {isa = PBXFileReference; lastKnownFileType = sourcecode.swift; path = Zig_InspectorTests.swift; sourceTree = "<group>"; };
		B44A858E2A30E85F00D63A18 /* Zig InspectorUITests.xctest */ = {isa = PBXFileReference; explicitFileType = wrapper.cfbundle; includeInIndex = 0; path = "Zig InspectorUITests.xctest"; sourceTree = BUILT_PRODUCTS_DIR; };
		B44A85922A30E85F00D63A18 /* Zig_InspectorUITests.swift */ = {isa = PBXFileReference; lastKnownFileType = sourcecode.swift; path = Zig_InspectorUITests.swift; sourceTree = "<group>"; };
		B44A85942A30E85F00D63A18 /* Zig_InspectorUITestsLaunchTests.swift */ = {isa = PBXFileReference; lastKnownFileType = sourcecode.swift; path = Zig_InspectorUITestsLaunchTests.swift; sourceTree = "<group>"; };
		B44A85A12A30F8AE00D63A18 /* VenueViewController.swift */ = {isa = PBXFileReference; lastKnownFileType = sourcecode.swift; path = VenueViewController.swift; sourceTree = "<group>"; };
		B44A85A32A31F74A00D63A18 /* Getclientconfig.swift */ = {isa = PBXFileReference; lastKnownFileType = sourcecode.swift; path = Getclientconfig.swift; sourceTree = "<group>"; };
		B4BFFD072A3C9F7300758547 /* venueTableViewCell.swift */ = {isa = PBXFileReference; lastKnownFileType = sourcecode.swift; path = venueTableViewCell.swift; sourceTree = "<group>"; };
		B4CB75AB2A719F7900FB237A /* mqttLogViewerController.swift */ = {isa = PBXFileReference; lastKnownFileType = sourcecode.swift; path = mqttLogViewerController.swift; sourceTree = "<group>"; };
/* End PBXFileReference section */

/* Begin PBXFrameworksBuildPhase section */
		B44A856B2A30E85D00D63A18 /* Frameworks */ = {
			isa = PBXFrameworksBuildPhase;
			buildActionMask = 2147483647;
			files = (
				B4BFFD0D2A40CD3600758547 /* NVActivityIndicatorViewExtended in Frameworks */,
				B4BFFD122A40CFF600758547 /* SDWebImageMapKit in Frameworks */,
				B4BFFD0B2A40CD3600758547 /* NVActivityIndicatorView in Frameworks */,
				B4BFFD102A40CFF600758547 /* SDWebImage in Frameworks */,
				B4CB75AF2A719FEA00FB237A /* CocoaMQTT in Frameworks */,
				B4BFFD062A3C699E00758547 /* Alamofire in Frameworks */,
			);
			runOnlyForDeploymentPostprocessing = 0;
		};
		B44A85812A30E85F00D63A18 /* Frameworks */ = {
			isa = PBXFrameworksBuildPhase;
			buildActionMask = 2147483647;
			files = (
			);
			runOnlyForDeploymentPostprocessing = 0;
		};
		B44A858B2A30E85F00D63A18 /* Frameworks */ = {
			isa = PBXFrameworksBuildPhase;
			buildActionMask = 2147483647;
			files = (
			);
			runOnlyForDeploymentPostprocessing = 0;
		};
/* End PBXFrameworksBuildPhase section */

/* Begin PBXGroup section */
		B44A85652A30E85D00D63A18 = {
			isa = PBXGroup;
			children = (
				B44A85702A30E85D00D63A18 /* Zig Inspector */,
				B44A85872A30E85F00D63A18 /* Zig InspectorTests */,
				B44A85912A30E85F00D63A18 /* Zig InspectorUITests */,
				B44A856F2A30E85D00D63A18 /* Products */,
			);
			sourceTree = "<group>";
		};
		B44A856F2A30E85D00D63A18 /* Products */ = {
			isa = PBXGroup;
			children = (
				B44A856E2A30E85D00D63A18 /* Zig Inspector.app */,
				B44A85842A30E85F00D63A18 /* Zig InspectorTests.xctest */,
				B44A858E2A30E85F00D63A18 /* Zig InspectorUITests.xctest */,
			);
			name = Products;
			sourceTree = "<group>";
		};
		B44A85702A30E85D00D63A18 /* Zig Inspector */ = {
			isa = PBXGroup;
			children = (
				B44A85712A30E85D00D63A18 /* AppDelegate.swift */,
				B4CB75AB2A719F7900FB237A /* mqttLogViewerController.swift */,
				B44A85732A30E85D00D63A18 /* SceneDelegate.swift */,
				B44A85752A30E85D00D63A18 /* ViewController.swift */,
				B44A85A12A30F8AE00D63A18 /* VenueViewController.swift */,
				B44A85772A30E85D00D63A18 /* Main.storyboard */,
				B4171F212A82853800DB1F7D /* ibeaconScanViewController.swift */,
				B44A857A2A30E85E00D63A18 /* Assets.xcassets */,
				B44A857C2A30E85E00D63A18 /* LaunchScreen.storyboard */,
				B44A857F2A30E85E00D63A18 /* Info.plist */,
				B44A85A32A31F74A00D63A18 /* Getclientconfig.swift */,
				B4BFFD072A3C9F7300758547 /* venueTableViewCell.swift */,
			);
			path = "Zig Inspector";
			sourceTree = "<group>";
		};
		B44A85872A30E85F00D63A18 /* Zig InspectorTests */ = {
			isa = PBXGroup;
			children = (
				B44A85882A30E85F00D63A18 /* Zig_InspectorTests.swift */,
			);
			path = "Zig InspectorTests";
			sourceTree = "<group>";
		};
		B44A85912A30E85F00D63A18 /* Zig InspectorUITests */ = {
			isa = PBXGroup;
			children = (
				B44A85922A30E85F00D63A18 /* Zig_InspectorUITests.swift */,
				B44A85942A30E85F00D63A18 /* Zig_InspectorUITestsLaunchTests.swift */,
			);
			path = "Zig InspectorUITests";
			sourceTree = "<group>";
		};
/* End PBXGroup section */

/* Begin PBXNativeTarget section */
		B44A856D2A30E85D00D63A18 /* Zig Inspector */ = {
			isa = PBXNativeTarget;
			buildConfigurationList = B44A85982A30E85F00D63A18 /* Build configuration list for PBXNativeTarget "Zig Inspector" */;
			buildPhases = (
				B44A856A2A30E85D00D63A18 /* Sources */,
				B44A856B2A30E85D00D63A18 /* Frameworks */,
				B44A856C2A30E85D00D63A18 /* Resources */,
			);
			buildRules = (
			);
			dependencies = (
			);
			name = "Zig Inspector";
			packageProductDependencies = (
				B4BFFD052A3C699E00758547 /* Alamofire */,
				B4BFFD0A2A40CD3600758547 /* NVActivityIndicatorView */,
				B4BFFD0C2A40CD3600758547 /* NVActivityIndicatorViewExtended */,
				B4BFFD0F2A40CFF600758547 /* SDWebImage */,
				B4BFFD112A40CFF600758547 /* SDWebImageMapKit */,
				B4CB75AE2A719FEA00FB237A /* CocoaMQTT */,
			);
			productName = "Zig Inspector";
			productReference = B44A856E2A30E85D00D63A18 /* Zig Inspector.app */;
			productType = "com.apple.product-type.application";
		};
		B44A85832A30E85F00D63A18 /* Zig InspectorTests */ = {
			isa = PBXNativeTarget;
			buildConfigurationList = B44A859B2A30E85F00D63A18 /* Build configuration list for PBXNativeTarget "Zig InspectorTests" */;
			buildPhases = (
				B44A85802A30E85F00D63A18 /* Sources */,
				B44A85812A30E85F00D63A18 /* Frameworks */,
				B44A85822A30E85F00D63A18 /* Resources */,
			);
			buildRules = (
			);
			dependencies = (
				B44A85862A30E85F00D63A18 /* PBXTargetDependency */,
			);
			name = "Zig InspectorTests";
			productName = "Zig InspectorTests";
			productReference = B44A85842A30E85F00D63A18 /* Zig InspectorTests.xctest */;
			productType = "com.apple.product-type.bundle.unit-test";
		};
		B44A858D2A30E85F00D63A18 /* Zig InspectorUITests */ = {
			isa = PBXNativeTarget;
			buildConfigurationList = B44A859E2A30E85F00D63A18 /* Build configuration list for PBXNativeTarget "Zig InspectorUITests" */;
			buildPhases = (
				B44A858A2A30E85F00D63A18 /* Sources */,
				B44A858B2A30E85F00D63A18 /* Frameworks */,
				B44A858C2A30E85F00D63A18 /* Resources */,
			);
			buildRules = (
			);
			dependencies = (
				B44A85902A30E85F00D63A18 /* PBXTargetDependency */,
			);
			name = "Zig InspectorUITests";
			productName = "Zig InspectorUITests";
			productReference = B44A858E2A30E85F00D63A18 /* Zig InspectorUITests.xctest */;
			productType = "com.apple.product-type.bundle.ui-testing";
		};
/* End PBXNativeTarget section */

/* Begin PBXProject section */
		B44A85662A30E85D00D63A18 /* Project object */ = {
			isa = PBXProject;
			attributes = {
				BuildIndependentTargetsInParallel = 1;
				LastSwiftUpdateCheck = 1420;
				LastUpgradeCheck = 1420;
				TargetAttributes = {
					B44A856D2A30E85D00D63A18 = {
						CreatedOnToolsVersion = 14.2;
					};
					B44A85832A30E85F00D63A18 = {
						CreatedOnToolsVersion = 14.2;
						TestTargetID = B44A856D2A30E85D00D63A18;
					};
					B44A858D2A30E85F00D63A18 = {
						CreatedOnToolsVersion = 14.2;
						TestTargetID = B44A856D2A30E85D00D63A18;
					};
				};
			};
			buildConfigurationList = B44A85692A30E85D00D63A18 /* Build configuration list for PBXProject "Zig Inspector" */;
			compatibilityVersion = "Xcode 14.0";
			developmentRegion = en;
			hasScannedForEncodings = 0;
			knownRegions = (
				en,
				Base,
			);
			mainGroup = B44A85652A30E85D00D63A18;
			packageReferences = (
				B4BFFD042A3C699E00758547 /* XCRemoteSwiftPackageReference "Alamofire" */,
				B4BFFD092A40CD3600758547 /* XCRemoteSwiftPackageReference "NVActivityIndicatorView" */,
				B4BFFD0E2A40CFF600758547 /* XCRemoteSwiftPackageReference "SDWebImage" */,
				B4CB75AD2A719FEA00FB237A /* XCRemoteSwiftPackageReference "CocoaMQTT" */,
			);
			productRefGroup = B44A856F2A30E85D00D63A18 /* Products */;
			projectDirPath = "";
			projectRoot = "";
			targets = (
				B44A856D2A30E85D00D63A18 /* Zig Inspector */,
				B44A85832A30E85F00D63A18 /* Zig InspectorTests */,
				B44A858D2A30E85F00D63A18 /* Zig InspectorUITests */,
			);
		};
/* End PBXProject section */

/* Begin PBXResourcesBuildPhase section */
		B44A856C2A30E85D00D63A18 /* Resources */ = {
			isa = PBXResourcesBuildPhase;
			buildActionMask = 2147483647;
			files = (
				B44A857E2A30E85E00D63A18 /* LaunchScreen.storyboard in Resources */,
				B44A857B2A30E85E00D63A18 /* Assets.xcassets in Resources */,
				B44A85792A30E85D00D63A18 /* Main.storyboard in Resources */,
			);
			runOnlyForDeploymentPostprocessing = 0;
		};
		B44A85822A30E85F00D63A18 /* Resources */ = {
			isa = PBXResourcesBuildPhase;
			buildActionMask = 2147483647;
			files = (
			);
			runOnlyForDeploymentPostprocessing = 0;
		};
		B44A858C2A30E85F00D63A18 /* Resources */ = {
			isa = PBXResourcesBuildPhase;
			buildActionMask = 2147483647;
			files = (
			);
			runOnlyForDeploymentPostprocessing = 0;
		};
/* End PBXResourcesBuildPhase section */

/* Begin PBXSourcesBuildPhase section */
		B44A856A2A30E85D00D63A18 /* Sources */ = {
			isa = PBXSourcesBuildPhase;
			buildActionMask = 2147483647;
			files = (
				B44A85A42A31F74A00D63A18 /* Getclientconfig.swift in Sources */,
				B44A85762A30E85D00D63A18 /* ViewController.swift in Sources */,
				B44A85722A30E85D00D63A18 /* AppDelegate.swift in Sources */,
				B44A85A22A30F8AE00D63A18 /* VenueViewController.swift in Sources */,
				B44A85742A30E85D00D63A18 /* SceneDelegate.swift in Sources */,
				B4BFFD082A3C9F7300758547 /* venueTableViewCell.swift in Sources */,
				B4CB75AC2A719F7900FB237A /* mqttLogViewerController.swift in Sources */,
				B4171F222A82853800DB1F7D /* ibeaconScanViewController.swift in Sources */,
			);
			runOnlyForDeploymentPostprocessing = 0;
		};
		B44A85802A30E85F00D63A18 /* Sources */ = {
			isa = PBXSourcesBuildPhase;
			buildActionMask = 2147483647;
			files = (
				B44A85892A30E85F00D63A18 /* Zig_InspectorTests.swift in Sources */,
			);
			runOnlyForDeploymentPostprocessing = 0;
		};
		B44A858A2A30E85F00D63A18 /* Sources */ = {
			isa = PBXSourcesBuildPhase;
			buildActionMask = 2147483647;
			files = (
				B44A85932A30E85F00D63A18 /* Zig_InspectorUITests.swift in Sources */,
				B44A85952A30E85F00D63A18 /* Zig_InspectorUITestsLaunchTests.swift in Sources */,
			);
			runOnlyForDeploymentPostprocessing = 0;
		};
/* End PBXSourcesBuildPhase section */

/* Begin PBXTargetDependency section */
		B44A85862A30E85F00D63A18 /* PBXTargetDependency */ = {
			isa = PBXTargetDependency;
			target = B44A856D2A30E85D00D63A18 /* Zig Inspector */;
			targetProxy = B44A85852A30E85F00D63A18 /* PBXContainerItemProxy */;
		};
		B44A85902A30E85F00D63A18 /* PBXTargetDependency */ = {
			isa = PBXTargetDependency;
			target = B44A856D2A30E85D00D63A18 /* Zig Inspector */;
			targetProxy = B44A858F2A30E85F00D63A18 /* PBXContainerItemProxy */;
		};
/* End PBXTargetDependency section */

/* Begin PBXVariantGroup section */
		B44A85772A30E85D00D63A18 /* Main.storyboard */ = {
			isa = PBXVariantGroup;
			children = (
				B44A85782A30E85D00D63A18 /* Base */,
			);
			name = Main.storyboard;
			sourceTree = "<group>";
		};
		B44A857C2A30E85E00D63A18 /* LaunchScreen.storyboard */ = {
			isa = PBXVariantGroup;
			children = (
				B44A857D2A30E85E00D63A18 /* Base */,
			);
			name = LaunchScreen.storyboard;
			sourceTree = "<group>";
		};
/* End PBXVariantGroup section */

/* Begin XCBuildConfiguration section */
		B44A85962A30E85F00D63A18 /* Debug */ = {
			isa = XCBuildConfiguration;
			buildSettings = {
				ALWAYS_SEARCH_USER_PATHS = NO;
				CLANG_ANALYZER_NONNULL = YES;
				CLANG_ANALYZER_NUMBER_OBJECT_CONVERSION = YES_AGGRESSIVE;
				CLANG_CXX_LANGUAGE_STANDARD = "gnu++20";
				CLANG_ENABLE_MODULES = YES;
				CLANG_ENABLE_OBJC_ARC = YES;
				CLANG_ENABLE_OBJC_WEAK = YES;
				CLANG_WARN_BLOCK_CAPTURE_AUTORELEASING = YES;
				CLANG_WARN_BOOL_CONVERSION = YES;
				CLANG_WARN_COMMA = YES;
				CLANG_WARN_CONSTANT_CONVERSION = YES;
				CLANG_WARN_DEPRECATED_OBJC_IMPLEMENTATIONS = YES;
				CLANG_WARN_DIRECT_OBJC_ISA_USAGE = YES_ERROR;
				CLANG_WARN_DOCUMENTATION_COMMENTS = YES;
				CLANG_WARN_EMPTY_BODY = YES;
				CLANG_WARN_ENUM_CONVERSION = YES;
				CLANG_WARN_INFINITE_RECURSION = YES;
				CLANG_WARN_INT_CONVERSION = YES;
				CLANG_WARN_NON_LITERAL_NULL_CONVERSION = YES;
				CLANG_WARN_OBJC_IMPLICIT_RETAIN_SELF = YES;
				CLANG_WARN_OBJC_LITERAL_CONVERSION = YES;
				CLANG_WARN_OBJC_ROOT_CLASS = YES_ERROR;
				CLANG_WARN_QUOTED_INCLUDE_IN_FRAMEWORK_HEADER = YES;
				CLANG_WARN_RANGE_LOOP_ANALYSIS = YES;
				CLANG_WARN_STRICT_PROTOTYPES = YES;
				CLANG_WARN_SUSPICIOUS_MOVE = YES;
				CLANG_WARN_UNGUARDED_AVAILABILITY = YES_AGGRESSIVE;
				CLANG_WARN_UNREACHABLE_CODE = YES;
				CLANG_WARN__DUPLICATE_METHOD_MATCH = YES;
				COPY_PHASE_STRIP = NO;
				DEBUG_INFORMATION_FORMAT = dwarf;
				ENABLE_STRICT_OBJC_MSGSEND = YES;
				ENABLE_TESTABILITY = YES;
				GCC_C_LANGUAGE_STANDARD = gnu11;
				GCC_DYNAMIC_NO_PIC = NO;
				GCC_NO_COMMON_BLOCKS = YES;
				GCC_OPTIMIZATION_LEVEL = 0;
				GCC_PREPROCESSOR_DEFINITIONS = (
					"DEBUG=1",
					"$(inherited)",
				);
				GCC_WARN_64_TO_32_BIT_CONVERSION = YES;
				GCC_WARN_ABOUT_RETURN_TYPE = YES_ERROR;
				GCC_WARN_UNDECLARED_SELECTOR = YES;
				GCC_WARN_UNINITIALIZED_AUTOS = YES_AGGRESSIVE;
				GCC_WARN_UNUSED_FUNCTION = YES;
				GCC_WARN_UNUSED_VARIABLE = YES;
				IPHONEOS_DEPLOYMENT_TARGET = 16.2;
				MTL_ENABLE_DEBUG_INFO = INCLUDE_SOURCE;
				MTL_FAST_MATH = YES;
				ONLY_ACTIVE_ARCH = YES;
				SDKROOT = iphoneos;
				SWIFT_ACTIVE_COMPILATION_CONDITIONS = DEBUG;
				SWIFT_OPTIMIZATION_LEVEL = "-Onone";
			};
			name = Debug;
		};
		B44A85972A30E85F00D63A18 /* Release */ = {
			isa = XCBuildConfiguration;
			buildSettings = {
				ALWAYS_SEARCH_USER_PATHS = NO;
				CLANG_ANALYZER_NONNULL = YES;
				CLANG_ANALYZER_NUMBER_OBJECT_CONVERSION = YES_AGGRESSIVE;
				CLANG_CXX_LANGUAGE_STANDARD = "gnu++20";
				CLANG_ENABLE_MODULES = YES;
				CLANG_ENABLE_OBJC_ARC = YES;
				CLANG_ENABLE_OBJC_WEAK = YES;
				CLANG_WARN_BLOCK_CAPTURE_AUTORELEASING = YES;
				CLANG_WARN_BOOL_CONVERSION = YES;
				CLANG_WARN_COMMA = YES;
				CLANG_WARN_CONSTANT_CONVERSION = YES;
				CLANG_WARN_DEPRECATED_OBJC_IMPLEMENTATIONS = YES;
				CLANG_WARN_DIRECT_OBJC_ISA_USAGE = YES_ERROR;
				CLANG_WARN_DOCUMENTATION_COMMENTS = YES;
				CLANG_WARN_EMPTY_BODY = YES;
				CLANG_WARN_ENUM_CONVERSION = YES;
				CLANG_WARN_INFINITE_RECURSION = YES;
				CLANG_WARN_INT_CONVERSION = YES;
				CLANG_WARN_NON_LITERAL_NULL_CONVERSION = YES;
				CLANG_WARN_OBJC_IMPLICIT_RETAIN_SELF = YES;
				CLANG_WARN_OBJC_LITERAL_CONVERSION = YES;
				CLANG_WARN_OBJC_ROOT_CLASS = YES_ERROR;
				CLANG_WARN_QUOTED_INCLUDE_IN_FRAMEWORK_HEADER = YES;
				CLANG_WARN_RANGE_LOOP_ANALYSIS = YES;
				CLANG_WARN_STRICT_PROTOTYPES = YES;
				CLANG_WARN_SUSPICIOUS_MOVE = YES;
				CLANG_WARN_UNGUARDED_AVAILABILITY = YES_AGGRESSIVE;
				CLANG_WARN_UNREACHABLE_CODE = YES;
				CLANG_WARN__DUPLICATE_METHOD_MATCH = YES;
				COPY_PHASE_STRIP = NO;
				DEBUG_INFORMATION_FORMAT = "dwarf-with-dsym";
				ENABLE_NS_ASSERTIONS = NO;
				ENABLE_STRICT_OBJC_MSGSEND = YES;
				GCC_C_LANGUAGE_STANDARD = gnu11;
				GCC_NO_COMMON_BLOCKS = YES;
				GCC_WARN_64_TO_32_BIT_CONVERSION = YES;
				GCC_WARN_ABOUT_RETURN_TYPE = YES_ERROR;
				GCC_WARN_UNDECLARED_SELECTOR = YES;
				GCC_WARN_UNINITIALIZED_AUTOS = YES_AGGRESSIVE;
				GCC_WARN_UNUSED_FUNCTION = YES;
				GCC_WARN_UNUSED_VARIABLE = YES;
				IPHONEOS_DEPLOYMENT_TARGET = 16.2;
				MTL_ENABLE_DEBUG_INFO = NO;
				MTL_FAST_MATH = YES;
				SDKROOT = iphoneos;
				SWIFT_COMPILATION_MODE = wholemodule;
				SWIFT_OPTIMIZATION_LEVEL = "-O";
				VALIDATE_PRODUCT = YES;
			};
			name = Release;
		};
		B44A85992A30E85F00D63A18 /* Debug */ = {
			isa = XCBuildConfiguration;
			buildSettings = {
				ASSETCATALOG_COMPILER_APPICON_NAME = AppIcon;
				ASSETCATALOG_COMPILER_GLOBAL_ACCENT_COLOR_NAME = AccentColor;
				CODE_SIGN_STYLE = Automatic;
				CURRENT_PROJECT_VERSION = 1;
				DEVELOPMENT_TEAM = TLLP6KUFQ2;
				GENERATE_INFOPLIST_FILE = YES;
				INFOPLIST_FILE = "Zig Inspector/Info.plist";
				INFOPLIST_KEY_LSApplicationCategoryType = Light;
				INFOPLIST_KEY_NSLocationAlwaysAndWhenInUseUsageDescription = OK;
				INFOPLIST_KEY_NSLocationWhenInUseUsageDescription = ok2;
				INFOPLIST_KEY_UIApplicationSupportsIndirectInputEvents = YES;
				INFOPLIST_KEY_UILaunchStoryboardName = LaunchScreen;
				INFOPLIST_KEY_UIMainStoryboardFile = Main;
				INFOPLIST_KEY_UISupportedInterfaceOrientations_iPad = "UIInterfaceOrientationPortrait UIInterfaceOrientationPortraitUpsideDown UIInterfaceOrientationLandscapeLeft UIInterfaceOrientationLandscapeRight";
				INFOPLIST_KEY_UISupportedInterfaceOrientations_iPhone = "UIInterfaceOrientationPortrait UIInterfaceOrientationLandscapeLeft UIInterfaceOrientationLandscapeRight";
				INFOPLIST_KEY_UIUserInterfaceStyle = Light;
				LD_RUNPATH_SEARCH_PATHS = (
					"$(inherited)",
					"@executable_path/Frameworks",
				);
				MARKETING_VERSION = 1.0;
				PRODUCT_BUNDLE_IDENTIFIER = "in.zusan.izig.Zig-Inspector";
				PRODUCT_NAME = "$(TARGET_NAME)";
				SWIFT_EMIT_LOC_STRINGS = YES;
				SWIFT_VERSION = 5.0;
				TARGETED_DEVICE_FAMILY = "1,2";
			};
			name = Debug;
		};
		B44A859A2A30E85F00D63A18 /* Release */ = {
			isa = XCBuildConfiguration;
			buildSettings = {
				ASSETCATALOG_COMPILER_APPICON_NAME = AppIcon;
				ASSETCATALOG_COMPILER_GLOBAL_ACCENT_COLOR_NAME = AccentColor;
				CODE_SIGN_STYLE = Automatic;
				CURRENT_PROJECT_VERSION = 1;
				DEVELOPMENT_TEAM = TLLP6KUFQ2;
				GENERATE_INFOPLIST_FILE = YES;
				INFOPLIST_FILE = "Zig Inspector/Info.plist";
				INFOPLIST_KEY_LSApplicationCategoryType = Light;
				INFOPLIST_KEY_NSLocationAlwaysAndWhenInUseUsageDescription = OK;
				INFOPLIST_KEY_NSLocationWhenInUseUsageDescription = ok2;
				INFOPLIST_KEY_UIApplicationSupportsIndirectInputEvents = YES;
				INFOPLIST_KEY_UILaunchStoryboardName = LaunchScreen;
				INFOPLIST_KEY_UIMainStoryboardFile = Main;
				INFOPLIST_KEY_UISupportedInterfaceOrientations_iPad = "UIInterfaceOrientationPortrait UIInterfaceOrientationPortraitUpsideDown UIInterfaceOrientationLandscapeLeft UIInterfaceOrientationLandscapeRight";
				INFOPLIST_KEY_UISupportedInterfaceOrientations_iPhone = "UIInterfaceOrientationPortrait UIInterfaceOrientationLandscapeLeft UIInterfaceOrientationLandscapeRight";
				INFOPLIST_KEY_UIUserInterfaceStyle = Light;
				LD_RUNPATH_SEARCH_PATHS = (
					"$(inherited)",
					"@executable_path/Frameworks",
				);
				MARKETING_VERSION = 1.0;
				PRODUCT_BUNDLE_IDENTIFIER = "in.zusan.izig.Zig-Inspector";
				PRODUCT_NAME = "$(TARGET_NAME)";
				SWIFT_EMIT_LOC_STRINGS = YES;
				SWIFT_VERSION = 5.0;
				TARGETED_DEVICE_FAMILY = "1,2";
			};
			name = Release;
		};
		B44A859C2A30E85F00D63A18 /* Debug */ = {
			isa = XCBuildConfiguration;
			buildSettings = {
				ALWAYS_EMBED_SWIFT_STANDARD_LIBRARIES = YES;
				BUNDLE_LOADER = "$(TEST_HOST)";
				CODE_SIGN_STYLE = Automatic;
				CURRENT_PROJECT_VERSION = 1;
				DEVELOPMENT_TEAM = TLLP6KUFQ2;
				GENERATE_INFOPLIST_FILE = YES;
				IPHONEOS_DEPLOYMENT_TARGET = 16.2;
				MARKETING_VERSION = 1.0;
				PRODUCT_BUNDLE_IDENTIFIER = "in.zusan.izig.Zig-InspectorTests";
				PRODUCT_NAME = "$(TARGET_NAME)";
				SWIFT_EMIT_LOC_STRINGS = NO;
				SWIFT_VERSION = 5.0;
				TARGETED_DEVICE_FAMILY = "1,2";
				TEST_HOST = "$(BUILT_PRODUCTS_DIR)/Zig Inspector.app/$(BUNDLE_EXECUTABLE_FOLDER_PATH)/Zig Inspector";
			};
			name = Debug;
		};
		B44A859D2A30E85F00D63A18 /* Release */ = {
			isa = XCBuildConfiguration;
			buildSettings = {
				ALWAYS_EMBED_SWIFT_STANDARD_LIBRARIES = YES;
				BUNDLE_LOADER = "$(TEST_HOST)";
				CODE_SIGN_STYLE = Automatic;
				CURRENT_PROJECT_VERSION = 1;
				DEVELOPMENT_TEAM = TLLP6KUFQ2;
				GENERATE_INFOPLIST_FILE = YES;
				IPHONEOS_DEPLOYMENT_TARGET = 16.2;
				MARKETING_VERSION = 1.0;
				PRODUCT_BUNDLE_IDENTIFIER = "in.zusan.izig.Zig-InspectorTests";
				PRODUCT_NAME = "$(TARGET_NAME)";
				SWIFT_EMIT_LOC_STRINGS = NO;
				SWIFT_VERSION = 5.0;
				TARGETED_DEVICE_FAMILY = "1,2";
				TEST_HOST = "$(BUILT_PRODUCTS_DIR)/Zig Inspector.app/$(BUNDLE_EXECUTABLE_FOLDER_PATH)/Zig Inspector";
			};
			name = Release;
		};
		B44A859F2A30E85F00D63A18 /* Debug */ = {
			isa = XCBuildConfiguration;
			buildSettings = {
				ALWAYS_EMBED_SWIFT_STANDARD_LIBRARIES = YES;
				CODE_SIGN_STYLE = Automatic;
				CURRENT_PROJECT_VERSION = 1;
				DEVELOPMENT_TEAM = TLLP6KUFQ2;
				GENERATE_INFOPLIST_FILE = YES;
				MARKETING_VERSION = 1.0;
				PRODUCT_BUNDLE_IDENTIFIER = "in.zusan.izig.Zig-InspectorUITests";
				PRODUCT_NAME = "$(TARGET_NAME)";
				SWIFT_EMIT_LOC_STRINGS = NO;
				SWIFT_VERSION = 5.0;
				TARGETED_DEVICE_FAMILY = "1,2";
				TEST_TARGET_NAME = "Zig Inspector";
			};
			name = Debug;
		};
		B44A85A02A30E85F00D63A18 /* Release */ = {
			isa = XCBuildConfiguration;
			buildSettings = {
				ALWAYS_EMBED_SWIFT_STANDARD_LIBRARIES = YES;
				CODE_SIGN_STYLE = Automatic;
				CURRENT_PROJECT_VERSION = 1;
				DEVELOPMENT_TEAM = TLLP6KUFQ2;
				GENERATE_INFOPLIST_FILE = YES;
				MARKETING_VERSION = 1.0;
				PRODUCT_BUNDLE_IDENTIFIER = "in.zusan.izig.Zig-InspectorUITests";
				PRODUCT_NAME = "$(TARGET_NAME)";
				SWIFT_EMIT_LOC_STRINGS = NO;
				SWIFT_VERSION = 5.0;
				TARGETED_DEVICE_FAMILY = "1,2";
				TEST_TARGET_NAME = "Zig Inspector";
			};
			name = Release;
		};
/* End XCBuildConfiguration section */

/* Begin XCConfigurationList section */
		B44A85692A30E85D00D63A18 /* Build configuration list for PBXProject "Zig Inspector" */ = {
			isa = XCConfigurationList;
			buildConfigurations = (
				B44A85962A30E85F00D63A18 /* Debug */,
				B44A85972A30E85F00D63A18 /* Release */,
			);
			defaultConfigurationIsVisible = 0;
			defaultConfigurationName = Release;
		};
		B44A85982A30E85F00D63A18 /* Build configuration list for PBXNativeTarget "Zig Inspector" */ = {
			isa = XCConfigurationList;
			buildConfigurations = (
				B44A85992A30E85F00D63A18 /* Debug */,
				B44A859A2A30E85F00D63A18 /* Release */,
			);
			defaultConfigurationIsVisible = 0;
			defaultConfigurationName = Release;
		};
		B44A859B2A30E85F00D63A18 /* Build configuration list for PBXNativeTarget "Zig InspectorTests" */ = {
			isa = XCConfigurationList;
			buildConfigurations = (
				B44A859C2A30E85F00D63A18 /* Debug */,
				B44A859D2A30E85F00D63A18 /* Release */,
			);
			defaultConfigurationIsVisible = 0;
			defaultConfigurationName = Release;
		};
		B44A859E2A30E85F00D63A18 /* Build configuration list for PBXNativeTarget "Zig InspectorUITests" */ = {
			isa = XCConfigurationList;
			buildConfigurations = (
				B44A859F2A30E85F00D63A18 /* Debug */,
				B44A85A02A30E85F00D63A18 /* Release */,
			);
			defaultConfigurationIsVisible = 0;
			defaultConfigurationName = Release;
		};
/* End XCConfigurationList section */

/* Begin XCRemoteSwiftPackageReference section */
		B4BFFD042A3C699E00758547 /* XCRemoteSwiftPackageReference "Alamofire" */ = {
			isa = XCRemoteSwiftPackageReference;
			repositoryURL = "https://github.com/Alamofire/Alamofire.git";
			requirement = {
				kind = exactVersion;
				version = 5.7.1;
			};
		};
		B4BFFD092A40CD3600758547 /* XCRemoteSwiftPackageReference "NVActivityIndicatorView" */ = {
			isa = XCRemoteSwiftPackageReference;
			repositoryURL = "https://github.com/ninjaprox/NVActivityIndicatorView.git";
			requirement = {
				kind = exactVersion;
				version = 5.1.1;
			};
		};
		B4BFFD0E2A40CFF600758547 /* XCRemoteSwiftPackageReference "SDWebImage" */ = {
			isa = XCRemoteSwiftPackageReference;
			repositoryURL = "https://github.com/SDWebImage/SDWebImage.git";
			requirement = {
				kind = exactVersion;
				version = 5.16.0;
			};
		};
		B4CB75AD2A719FEA00FB237A /* XCRemoteSwiftPackageReference "CocoaMQTT" */ = {
			isa = XCRemoteSwiftPackageReference;
			repositoryURL = "https://github.com/emqx/CocoaMQTT.git";
			requirement = {
				kind = exactVersion;
				version = 2.1.5;
			};
		};
/* End XCRemoteSwiftPackageReference section */

/* Begin XCSwiftPackageProductDependency section */
		B4BFFD052A3C699E00758547 /* Alamofire */ = {
			isa = XCSwiftPackageProductDependency;
			package = B4BFFD042A3C699E00758547 /* XCRemoteSwiftPackageReference "Alamofire" */;
			productName = Alamofire;
		};
		B4BFFD0A2A40CD3600758547 /* NVActivityIndicatorView */ = {
			isa = XCSwiftPackageProductDependency;
			package = B4BFFD092A40CD3600758547 /* XCRemoteSwiftPackageReference "NVActivityIndicatorView" */;
			productName = NVActivityIndicatorView;
		};
		B4BFFD0C2A40CD3600758547 /* NVActivityIndicatorViewExtended */ = {
			isa = XCSwiftPackageProductDependency;
			package = B4BFFD092A40CD3600758547 /* XCRemoteSwiftPackageReference "NVActivityIndicatorView" */;
			productName = NVActivityIndicatorViewExtended;
		};
		B4BFFD0F2A40CFF600758547 /* SDWebImage */ = {
			isa = XCSwiftPackageProductDependency;
			package = B4BFFD0E2A40CFF600758547 /* XCRemoteSwiftPackageReference "SDWebImage" */;
			productName = SDWebImage;
		};
		B4BFFD112A40CFF600758547 /* SDWebImageMapKit */ = {
			isa = XCSwiftPackageProductDependency;
			package = B4BFFD0E2A40CFF600758547 /* XCRemoteSwiftPackageReference "SDWebImage" */;
			productName = SDWebImageMapKit;
		};
		B4CB75AE2A719FEA00FB237A /* CocoaMQTT */ = {
			isa = XCSwiftPackageProductDependency;
			package = B4CB75AD2A719FEA00FB237A /* XCRemoteSwiftPackageReference "CocoaMQTT" */;
			productName = CocoaMQTT;
		};
/* End XCSwiftPackageProductDependency section */
	};
	rootObject = B44A85662A30E85D00D63A18 /* Project object */;
}
